
Microsoft Visual Studio Solution File, Format Version 11.00
# Visual Studio 2010
Project("{8BC9CEB8-8B4A-11D0-8D11-00A0C91BC942}") = "PrimeClient", "PrimeClient\PrimeClient.vcxproj", "{67C7BB4C-7E65-4BB6-A13D-4CDDFF354558}"
EndProject
Project("{8BC9CEB8-8B4A-11D0-8D11-00A0C91BC942}") = "PrimeServer", "PrimeServer\PrimeServer.vcxproj", "{05D3D9F4-9D8C-48DD-BCF3-BE4A24724711}"
EndProject
Global
	GlobalSection(SolutionConfigurationPlatforms) = preSolution
		Debug|Win32 = Debug|Win32
		Release|Win32 = Release|Win32
	EndGlobalSection
	GlobalSection(ProjectConfigurationPlatforms) = postSolution
		{67C7BB4C-7E65-4BB6-A13D-4CDDFF354558}.Debug|Win32.ActiveCfg = Debug|Win32
		{67C7BB4C-7E65-4BB6-A13D-4CDDFF354558}.Debug|Win32.Build.0 = Debug|Win32
		{67C7BB4C-7E65-4BB6-A13D-4CDDFF354558}.Release|Win32.ActiveCfg = Release|Win32
		{67C7BB4C-7E65-4BB6-A13D-4CDDFF354558}.Release|Win32.Build.0 = Release|Win32
		{05D3D9F4-9D8C-48DD-BCF3-BE4A24724711}.Debug|Win32.ActiveCfg = Debug|Win32
		{05D3D9F4-9D8C-48DD-BCF3-BE4A24724711}.Debug|Win32.Build.0 = Debug|Win32
		{05D3D9F4-9D8C-48DD-BCF3-BE4A24724711}.Release|Win32.ActiveCfg = Release|Win32
		{05D3D9F4-9D8C-48DD-BCF3-BE4A24724711}.Release|Win32.Build.0 = Release|Win32
	EndGlobalSection
	GlobalSection(SolutionProperties) = preSolution
		HideSolutionNode = FALSE
	EndGlobalSection
EndGlobal
