<?xml version="1.0" encoding="utf-8"?>
<Project ToolsVersion="4.0" xmlns="http://schemas.microsoft.com/developer/msbuild/2003">
  <ItemGroup>
    <Filter Include="Source Files">
      <UniqueIdentifier>{4FC737F1-C7A5-4376-A066-2A32D752A2FF}</UniqueIdentifier>
      <Extensions>cpp;c;cc;cxx;def;odl;idl;hpj;bat;asm;asmx</Extensions>
    </Filter>
    <Filter Include="Source Files\generated">
      <UniqueIdentifier>{c3cef12f-b1ff-49f0-95b6-b7b83160f4b0}</UniqueIdentifier>
    </Filter>
  </ItemGroup>
  <ItemGroup>
    <CustomBuild Include="RpcMessage.proto">
      <Filter>Source Files</Filter>
    </CustomBuild>
  </ItemGroup>
  <ItemGroup>
    <ClCompile Include="RpcMessage.pb-c.c">
      <Filter>Source Files\generated</Filter>
    </ClCompile>
    <ClCompile Include="RpcChannel.cpp">
      <Filter>Source Files</Filter>
    </ClCompile>
    <ClCompile Include="RpcController.cpp">
      <Filter>Source Files</Filter>
    </ClCompile>
    <ClCompile Include="RpcClient.cpp">
      <Filter>Source Files</Filter>
    </ClCompile>
    <ClCompile Include="RpcServer.cpp">
      <Filter>Source Files</Filter>
    </ClCompile>
    <ClCompile Include="MutableParameter.cpp">
      <Filter>Source Files</Filter>
    </ClCompile>
    <ClCompile Include="MutableParameterList.cpp">
      <Filter>Source Files</Filter>
    </ClCompile>
    <ClCompile Include="Parameter.cpp">
      <Filter>Source Files</Filter>
    </ClCompile>
    <ClCompile Include="ParameterList.cpp">
      <Filter>Source Files</Filter>
    </ClCompile>
    <ClCompile Include="PendingCall.cpp">
      <Filter>Source Files</Filter>
    </ClCompile>
    <ClCompile Include="RpcMessage.cpp">
      <Filter>Source Files</Filter>
    </ClCompile>
    <ClCompile Include="RpcService.cpp">
      <Filter>Source Files</Filter>
    </ClCompile>
    <ClCompile Include="SocketRpcChannel.cpp">
      <Filter>Source Files</Filter>
    </ClCompile>
    <ClCompile Include="Proxy.cpp">
      <Filter>Source Files</Filter>
    </ClCompile>
  </ItemGroup>
  <ItemGroup>
    <ClInclude Include="RpcMessage.pb-c.h">
      <Filter>Source Files\generated</Filter>
    </ClInclude>
    <ClInclude Include="RpcChannel.h">
      <Filter>Source Files</Filter>
    </ClInclude>
    <ClInclude Include="RpcController.h">
      <Filter>Source Files</Filter>
    </ClInclude>
    <ClInclude Include="RpcClient.h">
      <Filter>Source Files</Filter>
    </ClInclude>
    <ClInclude Include="RpcServer.h">
      <Filter>Source Files</Filter>
    </ClInclude>
    <ClInclude Include="Generators.h">
      <Filter>Source Files</Filter>
    </ClInclude>
    <ClInclude Include="MutableParameter.h">
      <Filter>Source Files</Filter>
    </ClInclude>
    <ClInclude Include="MutableParameterList.h">
      <Filter>Source Files</Filter>
    </ClInclude>
    <ClInclude Include="Parameter.h">
      <Filter>Source Files</Filter>
    </ClInclude>
    <ClInclude Include="ParameterList.h">
      <Filter>Source Files</Filter>
    </ClInclude>
    <ClInclude Include="PendingCall.h">
      <Filter>Source Files</Filter>
    </ClInclude>
    <ClInclude Include="RpcMessage.h">
      <Filter>Source Files</Filter>
    </ClInclude>
    <ClInclude Include="Proxy.h">
      <Filter>Source Files</Filter>
    </ClInclude>
    <ClInclude Include="RpcService.h">
      <Filter>Source Files</Filter>
    </ClInclude>
    <ClInclude Include="SocketRpcChannel.h">
      <Filter>Source Files</Filter>
    </ClInclude>
  </ItemGroup>
</Project>